
Microsoft Visual Studio Solution File, Format Version 12.00
# Visual Studio Version 17
VisualStudioVersion = 17.0.31903.59
MinimumVisualStudioVersion = 10.0.40219.1
Project("{2150E333-8FDC-42A3-9474-1A3956D46DE8}") = "src", "src", "{827E0CD3-B72D-47B6-A68D-7590B98EB39B}"
EndProject
Project("{FAE04EC0-301F-11D3-BF4B-00C04F79EFBC}") = "AuctionService", "src\AuctionService\AuctionService.csproj", "{517F6550-A694-4D78-9DCB-1AB6745CBFCE}"
EndProject
Project("{FAE04EC0-301F-11D3-BF4B-00C04F79EFBC}") = "SearchService", "src\SearchService\SearchService.csproj", "{AF9B7287-D7FF-42E3-860B-41C0A0297532}"
EndProject
Project("{FAE04EC0-301F-11D3-BF4B-00C04F79EFBC}") = "Contracts", "src\Contracts\Contracts.csproj", "{9122DAAB-DD57-40CD-B081-2D0F92296A81}"
EndProject
Global
	GlobalSection(SolutionConfigurationPlatforms) = preSolution
		Debug|Any CPU = Debug|Any CPU
		Debug|x64 = Debug|x64
		Debug|x86 = Debug|x86
		Release|Any CPU = Release|Any CPU
		Release|x64 = Release|x64
		Release|x86 = Release|x86
	EndGlobalSection
	GlobalSection(ProjectConfigurationPlatforms) = postSolution
		{517F6550-A694-4D78-9DCB-1AB6745CBFCE}.Debug|Any CPU.ActiveCfg = Debug|Any CPU
		{517F6550-A694-4D78-9DCB-1AB6745CBFCE}.Debug|Any CPU.Build.0 = Debug|Any CPU
		{517F6550-A694-4D78-9DCB-1AB6745CBFCE}.Debug|x64.ActiveCfg = Debug|Any CPU
		{517F6550-A694-4D78-9DCB-1AB6745CBFCE}.Debug|x64.Build.0 = Debug|Any CPU
		{517F6550-A694-4D78-9DCB-1AB6745CBFCE}.Debug|x86.ActiveCfg = Debug|Any CPU
		{517F6550-A694-4D78-9DCB-1AB6745CBFCE}.Debug|x86.Build.0 = Debug|Any CPU
		{517F6550-A694-4D78-9DCB-1AB6745CBFCE}.Release|Any CPU.ActiveCfg = Release|Any CPU
		{517F6550-A694-4D78-9DCB-1AB6745CBFCE}.Release|Any CPU.Build.0 = Release|Any CPU
		{517F6550-A694-4D78-9DCB-1AB6745CBFCE}.Release|x64.ActiveCfg = Release|Any CPU
		{517F6550-A694-4D78-9DCB-1AB6745CBFCE}.Release|x64.Build.0 = Release|Any CPU
		{517F6550-A694-4D78-9DCB-1AB6745CBFCE}.Release|x86.ActiveCfg = Release|Any CPU
		{517F6550-A694-4D78-9DCB-1AB6745CBFCE}.Release|x86.Build.0 = Release|Any CPU
		{AF9B7287-D7FF-42E3-860B-41C0A0297532}.Debug|Any CPU.ActiveCfg = Debug|Any CPU
		{AF9B7287-D7FF-42E3-860B-41C0A0297532}.Debug|Any CPU.Build.0 = Debug|Any CPU
		{AF9B7287-D7FF-42E3-860B-41C0A0297532}.Debug|x64.ActiveCfg = Debug|Any CPU
		{AF9B7287-D7FF-42E3-860B-41C0A0297532}.Debug|x64.Build.0 = Debug|Any CPU
		{AF9B7287-D7FF-42E3-860B-41C0A0297532}.Debug|x86.ActiveCfg = Debug|Any CPU
		{AF9B7287-D7FF-42E3-860B-41C0A0297532}.Debug|x86.Build.0 = Debug|Any CPU
		{AF9B7287-D7FF-42E3-860B-41C0A0297532}.Release|Any CPU.ActiveCfg = Release|Any CPU
		{AF9B7287-D7FF-42E3-860B-41C0A0297532}.Release|Any CPU.Build.0 = Release|Any CPU
		{AF9B7287-D7FF-42E3-860B-41C0A0297532}.Release|x64.ActiveCfg = Release|Any CPU
		{AF9B7287-D7FF-42E3-860B-41C0A0297532}.Release|x64.Build.0 = Release|Any CPU
		{AF9B7287-D7FF-42E3-860B-41C0A0297532}.Release|x86.ActiveCfg = Release|Any CPU
		{AF9B7287-D7FF-42E3-860B-41C0A0297532}.Release|x86.Build.0 = Release|Any CPU
		{9122DAAB-DD57-40CD-B081-2D0F92296A81}.Debug|Any CPU.ActiveCfg = Debug|Any CPU
		{9122DAAB-DD57-40CD-B081-2D0F92296A81}.Debug|Any CPU.Build.0 = Debug|Any CPU
		{9122DAAB-DD57-40CD-B081-2D0F92296A81}.Debug|x64.ActiveCfg = Debug|Any CPU
		{9122DAAB-DD57-40CD-B081-2D0F92296A81}.Debug|x64.Build.0 = Debug|Any CPU
		{9122DAAB-DD57-40CD-B081-2D0F92296A81}.Debug|x86.ActiveCfg = Debug|Any CPU
		{9122DAAB-DD57-40CD-B081-2D0F92296A81}.Debug|x86.Build.0 = Debug|Any CPU
		{9122DAAB-DD57-40CD-B081-2D0F92296A81}.Release|Any CPU.ActiveCfg = Release|Any CPU
		{9122DAAB-DD57-40CD-B081-2D0F92296A81}.Release|Any CPU.Build.0 = Release|Any CPU
		{9122DAAB-DD57-40CD-B081-2D0F92296A81}.Release|x64.ActiveCfg = Release|Any CPU
		{9122DAAB-DD57-40CD-B081-2D0F92296A81}.Release|x64.Build.0 = Release|Any CPU
		{9122DAAB-DD57-40CD-B081-2D0F92296A81}.Release|x86.ActiveCfg = Release|Any CPU
		{9122DAAB-DD57-40CD-B081-2D0F92296A81}.Release|x86.Build.0 = Release|Any CPU
	EndGlobalSection
	GlobalSection(SolutionProperties) = preSolution
		HideSolutionNode = FALSE
	EndGlobalSection
	GlobalSection(NestedProjects) = preSolution
		{517F6550-A694-4D78-9DCB-1AB6745CBFCE} = {827E0CD3-B72D-47B6-A68D-7590B98EB39B}
		{AF9B7287-D7FF-42E3-860B-41C0A0297532} = {827E0CD3-B72D-47B6-A68D-7590B98EB39B}
		{9122DAAB-DD57-40CD-B081-2D0F92296A81} = {827E0CD3-B72D-47B6-A68D-7590B98EB39B}
	EndGlobalSection
EndGlobal
